{
  "name": "duantn_quanaothethaonamseven",
  "version": "1.0.0",
  "lockfileVersion": 3,
  "requires": true,
  "packages": {
    "": {
      "name": "duantn_quanaothethaonamseven",
      "version": "1.0.0",
      "license": "ISC",
      "dependencies": {
        "duantn_quanaothethaonamseven": "file:"
      }
    },
    "node_modules/duantn_quanaothethaonamseven": {
      "resolved": "",
      "link": true
    }
  }
}
